Microsoft Visual Studio Solution File, Format Version 12.00
# Visual Studio Version 17
VisualStudioVersion = 17.9.34701.34
MinimumVisualStudioVersion = 10.0.40219.1
Project("{9A19103F-16F7-4668-BE54-9A1E7A4F7556}") = "Task_1", "Task_1\Task_1.csproj", "{3283B495-D9EF-446E-B13F-A8B64E1622BC}"
EndProject
Project("{FAE04EC0-301F-11D3-BF4B-00C04F79EFBC}") = "Task_2", "Task_2\Task_2.csproj", "{04340155-413A-46CF-879E-4829E5902624}"
EndProject
Global
	GlobalSection(SolutionConfigurationPlatforms) = preSolution
		Debug|Any CPU = Debug|Any CPU
		Release|Any CPU = Release|Any CPU
	EndGlobalSection
	GlobalSection(ProjectConfigurationPlatforms) = postSolution
		{3283B495-D9EF-446E-B13F-A8B64E1622BC}.Debug|Any CPU.ActiveCfg = Debug|Any CPU
		{3283B495-D9EF-446E-B13F-A8B64E1622BC}.Debug|Any CPU.Build.0 = Debug|Any CPU
		{3283B495-D9EF-446E-B13F-A8B64E1622BC}.Release|Any CPU.ActiveCfg = Release|Any CPU
		{3283B495-D9EF-446E-B13F-A8B64E1622BC}.Release|Any CPU.Build.0 = Release|Any CPU
		{04340155-413A-46CF-879E-4829E5902624}.Debug|Any CPU.ActiveCfg = Debug|Any CPU
		{04340155-413A-46CF-879E-4829E5902624}.Debug|Any CPU.Build.0 = Debug|Any CPU
		{04340155-413A-46CF-879E-4829E5902624}.Release|Any CPU.ActiveCfg = Release|Any CPU
		{04340155-413A-46CF-879E-4829E5902624}.Release|Any CPU.Build.0 = Release|Any CPU
	EndGlobalSection
	GlobalSection(SolutionProperties) = preSolution
		HideSolutionNode = FALSE
	EndGlobalSection
	GlobalSection(ExtensibilityGlobals) = postSolution
		SolutionGuid = {20914B03-7C7A-4A6B-AF67-629A70BCE4F3}
	EndGlobalSection
EndGlobal
